
Microsoft Visual Studio Solution File, Format Version 12.00
# Visual Studio 15
VisualStudioVersion = 15.0.28307.1321
MinimumVisualStudioVersion = 10.0.40219.1
Project("{FAE04EC0-301F-11D3-BF4B-00C04F79EFBC}") = "TestUngDung", "TestUngDung\TestUngDung.csproj", "{A66B628C-CD8E-4D89-8C82-08883782FB3D}"
EndProject
Project("{FAE04EC0-301F-11D3-BF4B-00C04F79EFBC}") = "ModelEF", "ModelEF\ModelEF.csproj", "{9EE7CA25-D56B-4119-92A7-ED6783FBB6B7}"
EndProject
Global
	GlobalSection(SolutionConfigurationPlatforms) = preSolution
		Debug|Any CPU = Debug|Any CPU
		Release|Any CPU = Release|Any CPU
	EndGlobalSection
	GlobalSection(ProjectConfigurationPlatforms) = postSolution
		{A66B628C-CD8E-4D89-8C82-08883782FB3D}.Debug|Any CPU.ActiveCfg = Debug|Any CPU
		{A66B628C-CD8E-4D89-8C82-08883782FB3D}.Debug|Any CPU.Build.0 = Debug|Any CPU
		{A66B628C-CD8E-4D89-8C82-08883782FB3D}.Release|Any CPU.ActiveCfg = Release|Any CPU
		{A66B628C-CD8E-4D89-8C82-08883782FB3D}.Release|Any CPU.Build.0 = Release|Any CPU
		{9EE7CA25-D56B-4119-92A7-ED6783FBB6B7}.Debug|Any CPU.ActiveCfg = Debug|Any CPU
		{9EE7CA25-D56B-4119-92A7-ED6783FBB6B7}.Debug|Any CPU.Build.0 = Debug|Any CPU
		{9EE7CA25-D56B-4119-92A7-ED6783FBB6B7}.Release|Any CPU.ActiveCfg = Release|Any CPU
		{9EE7CA25-D56B-4119-92A7-ED6783FBB6B7}.Release|Any CPU.Build.0 = Release|Any CPU
	EndGlobalSection
	GlobalSection(SolutionProperties) = preSolution
		HideSolutionNode = FALSE
	EndGlobalSection
	GlobalSection(ExtensibilityGlobals) = postSolution
		SolutionGuid = {B0EA5A09-C7F5-48C6-9A8B-958C6F232F40}
	EndGlobalSection
EndGlobal
